
Microsoft Visual Studio Solution File, Format Version 12.00
Project("{FAE04EC0-301F-11D3-BF4B-00C04F79EFBC}") = "ice task", "ice task\ice task.csproj", "{D44215EF-7A7D-4DDC-9433-C732BC9F9B9A}"
EndProject
Global
	GlobalSection(SolutionConfigurationPlatforms) = preSolution
		Debug|Any CPU = Debug|Any CPU
		Release|Any CPU = Release|Any CPU
	EndGlobalSection
	GlobalSection(ProjectConfigurationPlatforms) = postSolution
		{D44215EF-7A7D-4DDC-9433-C732BC9F9B9A}.Debug|Any CPU.ActiveCfg = Debug|Any CPU
		{D44215EF-7A7D-4DDC-9433-C732BC9F9B9A}.Debug|Any CPU.Build.0 = Debug|Any CPU
		{D44215EF-7A7D-4DDC-9433-C732BC9F9B9A}.Release|Any CPU.ActiveCfg = Release|Any CPU
		{D44215EF-7A7D-4DDC-9433-C732BC9F9B9A}.Release|Any CPU.Build.0 = Release|Any CPU
	EndGlobalSection
EndGlobal
